// !$*UTF8*$!
{
	archiveVersion = 1;
	classes = {
	};
	objectVersion = 63;
	objects = {

/* Begin PBXBuildFile section */
		04B3FA58B0027243B6A96826 /* FeedBacksViewModel.swift in Sources */ = {isa = PBXBuildFile; fileRef = 88D39B83D3F2B13AD4AE5CE4 /* FeedBacksViewModel.swift */; };
		18F3AECA192BFEB2C65863D9 /* MainWindowView.swift in Sources */ = {isa = PBXBuildFile; fileRef = 8779CF21FEBC94D10F015089 /* MainWindowView.swift */; };
		34DCE4A3F0FF0B39E3A93D6E /* FeedbacksImporter.swift in Sources */ = {isa = PBXBuildFile; fileRef = 606A226E7ABCD77AF173745A /* FeedbacksImporter.swift */; };
		43B4BD41836913B9F257D1B6 /* Assets.xcassets in Resources */ = {isa = PBXBuildFile; fileRef = 34155C553FEEE4254DB8F4A8 /* Assets.xcassets */; };
		5717C7C36059E13C7696FA2A /* FeedbacksAAFExporter.swift in Sources */ = {isa = PBXBuildFile; fileRef = FB7C455550E66487014509F0 /* FeedbacksAAFExporter.swift */; };
		5DCEDA2595F213C3E0C8EF36 /* FeedbacksModels.swift in Sources */ = {isa = PBXBuildFile; fileRef = 7BCE0A8ED50E28D0EE76F16D /* FeedbacksModels.swift */; };
		676351604917FC795EAC262C /* Lobster-Regular.ttf in Resources */ = {isa = PBXBuildFile; fileRef = D1184799FE69843D9FD85CFC /* Lobster-Regular.ttf */; };
		6D94E7072C1CF1291DD83DE4 /* ColorButton.swift in Sources */ = {isa = PBXBuildFile; fileRef = 07778CC5A24380989713640E /* ColorButton.swift */; };
		99B6A74D136E535CC16FDD26 /* MixFeedbackParser.swift in Sources */ = {isa = PBXBuildFile; fileRef = 7F31A0D520A6554F95C30D6D /* MixFeedbackParser.swift */; };
		ACDD6D0CA903BBA622FB8E74 /* FeedbacksColorTheme.swift in Sources */ = {isa = PBXBuildFile; fileRef = 625930A9AF6062C11B99C2AC /* FeedbacksColorTheme.swift */; };
		B354C2DA85DFB5052D67A260 /* FontRegistrar.swift in Sources */ = {isa = PBXBuildFile; fileRef = F993A50E2645494DD5502A95 /* FontRegistrar.swift */; };
		B793E74AE87AA0B52506FC64 /* python-minimal in Resources */ = {isa = PBXBuildFile; fileRef = D9596C700EED6FE5E879D375 /* python-minimal */; };
		BB09597304800C11C751411A /* FeedbacksStrokeTheme.swift in Sources */ = {isa = PBXBuildFile; fileRef = 656BB540BB9D7D092C04A82F /* FeedbacksStrokeTheme.swift */; };
		C168C47B50CD07380AAA6197 /* ColorsView.swift in Sources */ = {isa = PBXBuildFile; fileRef = 3538A96E87E1E25349829F93 /* ColorsView.swift */; };
		D1729728F03FE9A3D57F4A23 /* FeedbacksTheme.swift in Sources */ = {isa = PBXBuildFile; fileRef = 06B7ABB4F51C330D9B9D0F40 /* FeedbacksTheme.swift */; };
		DA9986184810C0D36BDBE2BB /* Python in Resources */ = {isa = PBXBuildFile; fileRef = 391CB7F8BA5C11AE19667FD0 /* Python */; };
		DC141803E96AF4EC7C25F4EA /* AppDelegate.swift in Sources */ = {isa = PBXBuildFile; fileRef = 97FB1B0282FBE13CDDC63687 /* AppDelegate.swift */; };
		DE52FAE1A0A13D6714E25F5A /* FeedBacksApp.swift in Sources */ = {isa = PBXBuildFile; fileRef = 99E3AB8EEDB169C3A615FABC /* FeedBacksApp.swift */; };
		E1CB998570A71E94FB53D357 /* BrandTypography.swift in Sources */ = {isa = PBXBuildFile; fileRef = 43F8D0E17CAED52FC2CBDF25 /* BrandTypography.swift */; };
		E24570E4792E9E61CCAEF336 /* Color+Hex.swift in Sources */ = {isa = PBXBuildFile; fileRef = 218195E6E91497242EE3AC76 /* Color+Hex.swift */; };
		EFD61B547E517B162F15BFED /* SplashView.swift in Sources */ = {isa = PBXBuildFile; fileRef = 68B8D7D950F8AD10CD946FA1 /* SplashView.swift */; };
		F7D54220F99EB06BED7D0A9D /* FeedbackDocumentReader.swift in Sources */ = {isa = PBXBuildFile; fileRef = B425F952B6AE2659856258E7 /* FeedbackDocumentReader.swift */; };
/* End PBXBuildFile section */

/* Begin PBXFileReference section */
		06B7ABB4F51C330D9B9D0F40 /* FeedbacksTheme.swift */ = {isa = PBXFileReference; lastKnownFileType = sourcecode.swift; path = FeedbacksTheme.swift; sourceTree = "<group>"; };
		07778CC5A24380989713640E /* ColorButton.swift */ = {isa = PBXFileReference; lastKnownFileType = sourcecode.swift; path = ColorButton.swift; sourceTree = "<group>"; };
		218195E6E91497242EE3AC76 /* Color+Hex.swift */ = {isa = PBXFileReference; lastKnownFileType = sourcecode.swift; path = "Color+Hex.swift"; sourceTree = "<group>"; };
		34155C553FEEE4254DB8F4A8 /* Assets.xcassets */ = {isa = PBXFileReference; lastKnownFileType = folder.assetcatalog; path = Assets.xcassets; sourceTree = "<group>"; };
		3538A96E87E1E25349829F93 /* ColorsView.swift */ = {isa = PBXFileReference; lastKnownFileType = sourcecode.swift; path = ColorsView.swift; sourceTree = "<group>"; };
		391CB7F8BA5C11AE19667FD0 /* Python */ = {isa = PBXFileReference; lastKnownFileType = folder; name = Python; path = FeedBacksApp/Resources/Python; sourceTree = SOURCE_ROOT; };
		43F8D0E17CAED52FC2CBDF25 /* BrandTypography.swift */ = {isa = PBXFileReference; lastKnownFileType = sourcecode.swift; path = BrandTypography.swift; sourceTree = "<group>"; };
		606A226E7ABCD77AF173745A /* FeedbacksImporter.swift */ = {isa = PBXFileReference; lastKnownFileType = sourcecode.swift; path = FeedbacksImporter.swift; sourceTree = "<group>"; };
		625930A9AF6062C11B99C2AC /* FeedbacksColorTheme.swift */ = {isa = PBXFileReference; lastKnownFileType = sourcecode.swift; path = FeedbacksColorTheme.swift; sourceTree = "<group>"; };
		656BB540BB9D7D092C04A82F /* FeedbacksStrokeTheme.swift */ = {isa = PBXFileReference; lastKnownFileType = sourcecode.swift; path = FeedbacksStrokeTheme.swift; sourceTree = "<group>"; };
		68B8D7D950F8AD10CD946FA1 /* SplashView.swift */ = {isa = PBXFileReference; lastKnownFileType = sourcecode.swift; path = SplashView.swift; sourceTree = "<group>"; };
		7BCE0A8ED50E28D0EE76F16D /* FeedbacksModels.swift */ = {isa = PBXFileReference; lastKnownFileType = sourcecode.swift; path = FeedbacksModels.swift; sourceTree = "<group>"; };
		7C0E306A680271E561C5AB5D /* FeedBacks!.app */ = {isa = PBXFileReference; explicitFileType = wrapper.application; includeInIndex = 0; path = "FeedBacks!.app"; sourceTree = BUILT_PRODUCTS_DIR; };
		7F31A0D520A6554F95C30D6D /* MixFeedbackParser.swift */ = {isa = PBXFileReference; lastKnownFileType = sourcecode.swift; path = MixFeedbackParser.swift; sourceTree = "<group>"; };
		8779CF21FEBC94D10F015089 /* MainWindowView.swift */ = {isa = PBXFileReference; lastKnownFileType = sourcecode.swift; path = MainWindowView.swift; sourceTree = "<group>"; };
		88D39B83D3F2B13AD4AE5CE4 /* FeedBacksViewModel.swift */ = {isa = PBXFileReference; lastKnownFileType = sourcecode.swift; path = FeedBacksViewModel.swift; sourceTree = "<group>"; };
		97FB1B0282FBE13CDDC63687 /* AppDelegate.swift */ = {isa = PBXFileReference; lastKnownFileType = sourcecode.swift; path = AppDelegate.swift; sourceTree = "<group>"; };
		99E3AB8EEDB169C3A615FABC /* FeedBacksApp.swift */ = {isa = PBXFileReference; lastKnownFileType = sourcecode.swift; path = FeedBacksApp.swift; sourceTree = "<group>"; };
		B425F952B6AE2659856258E7 /* FeedbackDocumentReader.swift */ = {isa = PBXFileReference; lastKnownFileType = sourcecode.swift; path = FeedbackDocumentReader.swift; sourceTree = "<group>"; };
		B5A2136789246DDF000E1130 /* FeedBacks.entitlements */ = {isa = PBXFileReference; lastKnownFileType = text.plist.entitlements; path = FeedBacks.entitlements; sourceTree = "<group>"; };
		D1184799FE69843D9FD85CFC /* Lobster-Regular.ttf */ = {isa = PBXFileReference; lastKnownFileType = file; path = "Lobster-Regular.ttf"; sourceTree = "<group>"; };
		D9596C700EED6FE5E879D375 /* python-minimal */ = {isa = PBXFileReference; lastKnownFileType = folder; name = "python-minimal"; path = "FeedBacksApp/Resources/python-minimal"; sourceTree = SOURCE_ROOT; };
		F993A50E2645494DD5502A95 /* FontRegistrar.swift */ = {isa = PBXFileReference; lastKnownFileType = sourcecode.swift; path = FontRegistrar.swift; sourceTree = "<group>"; };
		FB7C455550E66487014509F0 /* FeedbacksAAFExporter.swift */ = {isa = PBXFileReference; lastKnownFileType = sourcecode.swift; path = FeedbacksAAFExporter.swift; sourceTree = "<group>"; };
/* End PBXFileReference section */

/* Begin PBXGroup section */
		33CA2E3134003A8C0D54365C /* Theme */ = {
			isa = PBXGroup;
			children = (
				43F8D0E17CAED52FC2CBDF25 /* BrandTypography.swift */,
				218195E6E91497242EE3AC76 /* Color+Hex.swift */,
				625930A9AF6062C11B99C2AC /* FeedbacksColorTheme.swift */,
				656BB540BB9D7D092C04A82F /* FeedbacksStrokeTheme.swift */,
				06B7ABB4F51C330D9B9D0F40 /* FeedbacksTheme.swift */,
				F993A50E2645494DD5502A95 /* FontRegistrar.swift */,
			);
			path = Theme;
			sourceTree = "<group>";
		};
		35CB93F4CFCB4093DE2E571E = {
			isa = PBXGroup;
			children = (
				391CB7F8BA5C11AE19667FD0 /* Python */,
				D9596C700EED6FE5E879D375 /* python-minimal */,
				F5BA3FBA8550F4C265413DDA /* FeedBacksApp */,
				38FB934BFCD4116FE55914AC /* Fonts */,
				F3C9CF7932AD223BE399687A /* Resources */,
				72360783785B0183AB136467 /* Products */,
			);
			sourceTree = "<group>";
		};
		38FB934BFCD4116FE55914AC /* Fonts */ = {
			isa = PBXGroup;
			children = (
				D1184799FE69843D9FD85CFC /* Lobster-Regular.ttf */,
			);
			name = Fonts;
			path = FeedBacksApp/Resources/Fonts;
			sourceTree = "<group>";
		};
		72360783785B0183AB136467 /* Products */ = {
			isa = PBXGroup;
			children = (
				7C0E306A680271E561C5AB5D /* FeedBacks!.app */,
			);
			name = Products;
			sourceTree = "<group>";
		};
		78BA6599E3EF202DE4D8D38A /* Services */ = {
			isa = PBXGroup;
			children = (
				B425F952B6AE2659856258E7 /* FeedbackDocumentReader.swift */,
				FB7C455550E66487014509F0 /* FeedbacksAAFExporter.swift */,
				606A226E7ABCD77AF173745A /* FeedbacksImporter.swift */,
				7F31A0D520A6554F95C30D6D /* MixFeedbackParser.swift */,
			);
			path = Services;
			sourceTree = "<group>";
		};
		AD3A575EF55F314E72251491 /* App */ = {
			isa = PBXGroup;
			children = (
				97FB1B0282FBE13CDDC63687 /* AppDelegate.swift */,
				99E3AB8EEDB169C3A615FABC /* FeedBacksApp.swift */,
			);
			path = App;
			sourceTree = "<group>";
		};
		E1DA64228B19A3F6D5389D8C /* ViewModels */ = {
			isa = PBXGroup;
			children = (
				88D39B83D3F2B13AD4AE5CE4 /* FeedBacksViewModel.swift */,
			);
			path = ViewModels;
			sourceTree = "<group>";
		};
		E6FF4C2BEA57AAAA938C4246 /* Models */ = {
			isa = PBXGroup;
			children = (
				7BCE0A8ED50E28D0EE76F16D /* FeedbacksModels.swift */,
			);
			path = Models;
			sourceTree = "<group>";
		};
		F3C9CF7932AD223BE399687A /* Resources */ = {
			isa = PBXGroup;
			children = (
				34155C553FEEE4254DB8F4A8 /* Assets.xcassets */,
			);
			name = Resources;
			path = FeedBacksApp/Resources;
			sourceTree = "<group>";
		};
		F5BA3FBA8550F4C265413DDA /* FeedBacksApp */ = {
			isa = PBXGroup;
			children = (
				B5A2136789246DDF000E1130 /* FeedBacks.entitlements */,
				AD3A575EF55F314E72251491 /* App */,
				E6FF4C2BEA57AAAA938C4246 /* Models */,
				78BA6599E3EF202DE4D8D38A /* Services */,
				33CA2E3134003A8C0D54365C /* Theme */,
				E1DA64228B19A3F6D5389D8C /* ViewModels */,
				FAFAEDD3216C6C46BCEFFD2F /* Views */,
			);
			path = FeedBacksApp;
			sourceTree = "<group>";
		};
		FAFAEDD3216C6C46BCEFFD2F /* Views */ = {
			isa = PBXGroup;
			children = (
				07778CC5A24380989713640E /* ColorButton.swift */,
				3538A96E87E1E25349829F93 /* ColorsView.swift */,
				8779CF21FEBC94D10F015089 /* MainWindowView.swift */,
				68B8D7D950F8AD10CD946FA1 /* SplashView.swift */,
			);
			path = Views;
			sourceTree = "<group>";
		};
/* End PBXGroup section */

/* Begin PBXNativeTarget section */
		E6AE1EDD7AFA90EDA707E62F /* FeedBacks! */ = {
			isa = PBXNativeTarget;
			buildConfigurationList = 9CA3DB87D27BDA07A6683671 /* Build configuration list for PBXNativeTarget "FeedBacks!" */;
			buildPhases = (
				A47CF012F330237CF480605D /* Sources */,
				2F2E9181BBCFE76CE926EEA8 /* Resources */,
				7D1C81625C05D326F97C24C0 /* Sign Embedded Python */,
			);
			buildRules = (
			);
			dependencies = (
			);
			name = "FeedBacks!";
			packageProductDependencies = (
			);
			productName = "FeedBacks!";
			productReference = 7C0E306A680271E561C5AB5D /* FeedBacks!.app */;
			productType = "com.apple.product-type.application";
		};
/* End PBXNativeTarget section */

/* Begin PBXProject section */
		72D6EC0DB929375B3E5E9598 /* Project object */ = {
			isa = PBXProject;
			attributes = {
				BuildIndependentTargetsInParallel = YES;
				LastUpgradeCheck = 1430;
				TargetAttributes = {
					E6AE1EDD7AFA90EDA707E62F = {
						DevelopmentTeam = 4U78WUV7T6;
						ProvisioningStyle = Automatic;
					};
				};
			};
			buildConfigurationList = 4589704D303C8E76C5E04E3B /* Build configuration list for PBXProject "FeedBacks!" */;
			compatibilityVersion = "Xcode 14.0";
			developmentRegion = en;
			hasScannedForEncodings = 0;
			knownRegions = (
				Base,
				en,
			);
			mainGroup = 35CB93F4CFCB4093DE2E571E;
			minimizedProjectReferenceProxies = 1;
			projectDirPath = "";
			projectRoot = "";
			targets = (
				E6AE1EDD7AFA90EDA707E62F /* FeedBacks! */,
			);
		};
/* End PBXProject section */

/* Begin PBXResourcesBuildPhase section */
		2F2E9181BBCFE76CE926EEA8 /* Resources */ = {
			isa = PBXResourcesBuildPhase;
			buildActionMask = 2147483647;
			files = (
				43B4BD41836913B9F257D1B6 /* Assets.xcassets in Resources */,
				676351604917FC795EAC262C /* Lobster-Regular.ttf in Resources */,
				DA9986184810C0D36BDBE2BB /* Python in Resources */,
				B793E74AE87AA0B52506FC64 /* python-minimal in Resources */,
			);
			runOnlyForDeploymentPostprocessing = 0;
		};
/* End PBXResourcesBuildPhase section */

/* Begin PBXShellScriptBuildPhase section */
		7D1C81625C05D326F97C24C0 /* Sign Embedded Python */ = {
			isa = PBXShellScriptBuildPhase;
			buildActionMask = 2147483647;
			files = (
			);
			inputFileListPaths = (
			);
			inputPaths = (
			);
			name = "Sign Embedded Python";
			outputFileListPaths = (
			);
			outputPaths = (
			);
			runOnlyForDeploymentPostprocessing = 0;
			shellPath = /bin/sh;
			shellScript = "#!/bin/sh\nset -eu\n\nAPP_PATH=\"${TARGET_BUILD_DIR}/${WRAPPER_NAME}\"\nPY_RUNTIME=\"${APP_PATH}/Contents/Resources/python-minimal\"\n\nif [ -z \"${EXPANDED_CODE_SIGN_IDENTITY:-}\" ] || [ \"${CODE_SIGNING_ALLOWED:-NO}\" != \"YES\" ]; then\n  exit 0\nfi\n\nif [ ! -d \"$PY_RUNTIME\" ]; then\n  echo \"No embedded python runtime at $PY_RUNTIME\"\n  exit 0\nfi\n\necho \"Signing embedded python runtime with ${EXPANDED_CODE_SIGN_IDENTITY_NAME:-$EXPANDED_CODE_SIGN_IDENTITY}\"\n\n/usr/bin/find \"$PY_RUNTIME\" \\\n  \\( -path '*/bin/python3' -o -path '*/bin/python3.10' -o -name '*.dylib' -o -name '*.so' \\) \\\n  -exec /usr/bin/codesign --force --sign \"$EXPANDED_CODE_SIGN_IDENTITY\" --timestamp=none {} \\;\n";
		};
/* End PBXShellScriptBuildPhase section */

/* Begin PBXSourcesBuildPhase section */
		A47CF012F330237CF480605D /* Sources */ = {
			isa = PBXSourcesBuildPhase;
			buildActionMask = 2147483647;
			files = (
				DC141803E96AF4EC7C25F4EA /* AppDelegate.swift in Sources */,
				E1CB998570A71E94FB53D357 /* BrandTypography.swift in Sources */,
				E24570E4792E9E61CCAEF336 /* Color+Hex.swift in Sources */,
				6D94E7072C1CF1291DD83DE4 /* ColorButton.swift in Sources */,
				C168C47B50CD07380AAA6197 /* ColorsView.swift in Sources */,
				DE52FAE1A0A13D6714E25F5A /* FeedBacksApp.swift in Sources */,
				04B3FA58B0027243B6A96826 /* FeedBacksViewModel.swift in Sources */,
				F7D54220F99EB06BED7D0A9D /* FeedbackDocumentReader.swift in Sources */,
				5717C7C36059E13C7696FA2A /* FeedbacksAAFExporter.swift in Sources */,
				ACDD6D0CA903BBA622FB8E74 /* FeedbacksColorTheme.swift in Sources */,
				34DCE4A3F0FF0B39E3A93D6E /* FeedbacksImporter.swift in Sources */,
				5DCEDA2595F213C3E0C8EF36 /* FeedbacksModels.swift in Sources */,
				BB09597304800C11C751411A /* FeedbacksStrokeTheme.swift in Sources */,
				D1729728F03FE9A3D57F4A23 /* FeedbacksTheme.swift in Sources */,
				B354C2DA85DFB5052D67A260 /* FontRegistrar.swift in Sources */,
				18F3AECA192BFEB2C65863D9 /* MainWindowView.swift in Sources */,
				99B6A74D136E535CC16FDD26 /* MixFeedbackParser.swift in Sources */,
				EFD61B547E517B162F15BFED /* SplashView.swift in Sources */,
			);
			runOnlyForDeploymentPostprocessing = 0;
		};
/* End PBXSourcesBuildPhase section */

/* Begin XCBuildConfiguration section */
		5DFB612CD54153D2EB3A2371 /* Release */ = {
			isa = XCBuildConfiguration;
			buildSettings = {
				ASSETCATALOG_COMPILER_APPICON_NAME = AppIcon;
				CODE_SIGN_ENTITLEMENTS = FeedBacksApp/FeedBacks.entitlements;
				CODE_SIGN_IDENTITY = "Apple Development";
				CODE_SIGN_STYLE = Automatic;
				COMBINE_HIDPI_IMAGES = YES;
				CURRENT_PROJECT_VERSION = 1;
				INFOPLIST_KEY_CFBundleDisplayName = "FeedBacks!";
				INFOPLIST_KEY_CFBundleName = "FeedBacks!";
				INFOPLIST_KEY_LSApplicationCategoryType = "public.app-category.music";
				INFOPLIST_KEY_NSHumanReadableCopyright = "Copyright © 2026 GogoLabs";
				INFOPLIST_KEY_NSPrincipalClass = NSApplication;
				LD_RUNPATH_SEARCH_PATHS = (
					"$(inherited)",
					"@executable_path/../Frameworks",
				);
				MARKETING_VERSION = 0.1.0;
				PRODUCT_BUNDLE_IDENTIFIER = fr.gogolabs.feedbacks;
				SDKROOT = macosx;
			};
			name = Release;
		};
		6CF242F97F3E95E843DF47F9 /* Release */ = {
			isa = XCBuildConfiguration;
			buildSettings = {
				ALWAYS_SEARCH_USER_PATHS = NO;
				CLANG_ANALYZER_NONNULL = YES;
				CLANG_ANALYZER_NUMBER_OBJECT_CONVERSION = YES_AGGRESSIVE;
				CLANG_CXX_LANGUAGE_STANDARD = "gnu++14";
				CLANG_CXX_LIBRARY = "libc++";
				CLANG_ENABLE_MODULES = YES;
				CLANG_ENABLE_OBJC_ARC = YES;
				CLANG_ENABLE_OBJC_WEAK = YES;
				CLANG_WARN_BLOCK_CAPTURE_AUTORELEASING = YES;
				CLANG_WARN_BOOL_CONVERSION = YES;
				CLANG_WARN_COMMA = YES;
				CLANG_WARN_CONSTANT_CONVERSION = YES;
				CLANG_WARN_DEPRECATED_OBJC_IMPLEMENTATIONS = YES;
				CLANG_WARN_DIRECT_OBJC_ISA_USAGE = YES_ERROR;
				CLANG_WARN_DOCUMENTATION_COMMENTS = YES;
				CLANG_WARN_EMPTY_BODY = YES;
				CLANG_WARN_ENUM_CONVERSION = YES;
				CLANG_WARN_INFINITE_RECURSION = YES;
				CLANG_WARN_INT_CONVERSION = YES;
				CLANG_WARN_NON_LITERAL_NULL_CONVERSION = YES;
				CLANG_WARN_OBJC_IMPLICIT_RETAIN_SELF = YES;
				CLANG_WARN_OBJC_LITERAL_CONVERSION = YES;
				CLANG_WARN_OBJC_ROOT_CLASS = YES_ERROR;
				CLANG_WARN_QUOTED_INCLUDE_IN_FRAMEWORK_HEADER = YES;
				CLANG_WARN_RANGE_LOOP_ANALYSIS = YES;
				CLANG_WARN_STRICT_PROTOTYPES = YES;
				CLANG_WARN_SUSPICIOUS_MOVE = YES;
				CLANG_WARN_UNGUARDED_AVAILABILITY = YES_AGGRESSIVE;
				CLANG_WARN_UNREACHABLE_CODE = YES;
				CLANG_WARN__DUPLICATE_METHOD_MATCH = YES;
				COPY_PHASE_STRIP = NO;
				DEBUG_INFORMATION_FORMAT = "dwarf-with-dsym";
				DEVELOPMENT_TEAM = 4U78WUV7T6;
				ENABLE_NS_ASSERTIONS = NO;
				ENABLE_STRICT_OBJC_MSGSEND = YES;
				GCC_C_LANGUAGE_STANDARD = gnu11;
				GCC_NO_COMMON_BLOCKS = YES;
				GCC_WARN_64_TO_32_BIT_CONVERSION = YES;
				GCC_WARN_ABOUT_RETURN_TYPE = YES_ERROR;
				GCC_WARN_UNDECLARED_SELECTOR = YES;
				GCC_WARN_UNINITIALIZED_AUTOS = YES_AGGRESSIVE;
				GCC_WARN_UNUSED_FUNCTION = YES;
				GCC_WARN_UNUSED_VARIABLE = YES;
				GENERATE_INFOPLIST_FILE = YES;
				INFOPLIST_KEY_CFBundleDisplayName = "FeedBacks!";
				INFOPLIST_KEY_LSApplicationCategoryType = "public.app-category.music";
				INFOPLIST_KEY_NSHumanReadableCopyright = "Copyright © 2026 GogoLabs";
				MACOSX_DEPLOYMENT_TARGET = 14.0;
				MTL_ENABLE_DEBUG_INFO = NO;
				MTL_FAST_MATH = YES;
				PRODUCT_BUNDLE_IDENTIFIER = com.gogolabs.feedbacks;
				PRODUCT_NAME = "FeedBacks!";
				SDKROOT = macosx;
				SWIFT_COMPILATION_MODE = wholemodule;
				SWIFT_OPTIMIZATION_LEVEL = "-O";
				SWIFT_VERSION = 5.1;
			};
			name = Release;
		};
		C8928A19F1C9C874616F55E1 /* Debug */ = {
			isa = XCBuildConfiguration;
			buildSettings = {
				ASSETCATALOG_COMPILER_APPICON_NAME = AppIcon;
				CODE_SIGN_ENTITLEMENTS = FeedBacksApp/FeedBacks.entitlements;
				CODE_SIGN_IDENTITY = "Apple Development";
				CODE_SIGN_STYLE = Automatic;
				COMBINE_HIDPI_IMAGES = YES;
				CURRENT_PROJECT_VERSION = 1;
				INFOPLIST_KEY_CFBundleDisplayName = "FeedBacks!";
				INFOPLIST_KEY_CFBundleName = "FeedBacks!";
				INFOPLIST_KEY_LSApplicationCategoryType = "public.app-category.music";
				INFOPLIST_KEY_NSHumanReadableCopyright = "Copyright © 2026 GogoLabs";
				INFOPLIST_KEY_NSPrincipalClass = NSApplication;
				LD_RUNPATH_SEARCH_PATHS = (
					"$(inherited)",
					"@executable_path/../Frameworks",
				);
				MARKETING_VERSION = 0.1.0;
				PRODUCT_BUNDLE_IDENTIFIER = fr.gogolabs.feedbacks;
				SDKROOT = macosx;
			};
			name = Debug;
		};
		F1CE263637529F928E40CDAA /* Debug */ = {
			isa = XCBuildConfiguration;
			buildSettings = {
				ALWAYS_SEARCH_USER_PATHS = NO;
				CLANG_ANALYZER_NONNULL = YES;
				CLANG_ANALYZER_NUMBER_OBJECT_CONVERSION = YES_AGGRESSIVE;
				CLANG_CXX_LANGUAGE_STANDARD = "gnu++14";
				CLANG_CXX_LIBRARY = "libc++";
				CLANG_ENABLE_MODULES = YES;
				CLANG_ENABLE_OBJC_ARC = YES;
				CLANG_ENABLE_OBJC_WEAK = YES;
				CLANG_WARN_BLOCK_CAPTURE_AUTORELEASING = YES;
				CLANG_WARN_BOOL_CONVERSION = YES;
				CLANG_WARN_COMMA = YES;
				CLANG_WARN_CONSTANT_CONVERSION = YES;
				CLANG_WARN_DEPRECATED_OBJC_IMPLEMENTATIONS = YES;
				CLANG_WARN_DIRECT_OBJC_ISA_USAGE = YES_ERROR;
				CLANG_WARN_DOCUMENTATION_COMMENTS = YES;
				CLANG_WARN_EMPTY_BODY = YES;
				CLANG_WARN_ENUM_CONVERSION = YES;
				CLANG_WARN_INFINITE_RECURSION = YES;
				CLANG_WARN_INT_CONVERSION = YES;
				CLANG_WARN_NON_LITERAL_NULL_CONVERSION = YES;
				CLANG_WARN_OBJC_IMPLICIT_RETAIN_SELF = YES;
				CLANG_WARN_OBJC_LITERAL_CONVERSION = YES;
				CLANG_WARN_OBJC_ROOT_CLASS = YES_ERROR;
				CLANG_WARN_QUOTED_INCLUDE_IN_FRAMEWORK_HEADER = YES;
				CLANG_WARN_RANGE_LOOP_ANALYSIS = YES;
				CLANG_WARN_STRICT_PROTOTYPES = YES;
				CLANG_WARN_SUSPICIOUS_MOVE = YES;
				CLANG_WARN_UNGUARDED_AVAILABILITY = YES_AGGRESSIVE;
				CLANG_WARN_UNREACHABLE_CODE = YES;
				CLANG_WARN__DUPLICATE_METHOD_MATCH = YES;
				COPY_PHASE_STRIP = NO;
				DEBUG_INFORMATION_FORMAT = dwarf;
				DEVELOPMENT_TEAM = 4U78WUV7T6;
				ENABLE_STRICT_OBJC_MSGSEND = YES;
				ENABLE_TESTABILITY = YES;
				GCC_C_LANGUAGE_STANDARD = gnu11;
				GCC_DYNAMIC_NO_PIC = NO;
				GCC_NO_COMMON_BLOCKS = YES;
				GCC_OPTIMIZATION_LEVEL = 0;
				GCC_PREPROCESSOR_DEFINITIONS = (
					"$(inherited)",
					"DEBUG=1",
				);
				GCC_WARN_64_TO_32_BIT_CONVERSION = YES;
				GCC_WARN_ABOUT_RETURN_TYPE = YES_ERROR;
				GCC_WARN_UNDECLARED_SELECTOR = YES;
				GCC_WARN_UNINITIALIZED_AUTOS = YES_AGGRESSIVE;
				GCC_WARN_UNUSED_FUNCTION = YES;
				GCC_WARN_UNUSED_VARIABLE = YES;
				GENERATE_INFOPLIST_FILE = YES;
				INFOPLIST_KEY_CFBundleDisplayName = "FeedBacks!";
				INFOPLIST_KEY_LSApplicationCategoryType = "public.app-category.music";
				INFOPLIST_KEY_NSHumanReadableCopyright = "Copyright © 2026 GogoLabs";
				MACOSX_DEPLOYMENT_TARGET = 14.0;
				MTL_ENABLE_DEBUG_INFO = INCLUDE_SOURCE;
				MTL_FAST_MATH = YES;
				ONLY_ACTIVE_ARCH = YES;
				PRODUCT_BUNDLE_IDENTIFIER = com.gogolabs.feedbacks;
				PRODUCT_NAME = "FeedBacks!";
				SDKROOT = macosx;
				SWIFT_ACTIVE_COMPILATION_CONDITIONS = DEBUG;
				SWIFT_OPTIMIZATION_LEVEL = "-Onone";
				SWIFT_VERSION = 5.1;
			};
			name = Debug;
		};
/* End XCBuildConfiguration section */

/* Begin XCConfigurationList section */
		4589704D303C8E76C5E04E3B /* Build configuration list for PBXProject "FeedBacks!" */ = {
			isa = XCConfigurationList;
			buildConfigurations = (
				F1CE263637529F928E40CDAA /* Debug */,
				6CF242F97F3E95E843DF47F9 /* Release */,
			);
			defaultConfigurationIsVisible = 0;
			defaultConfigurationName = Debug;
		};
		9CA3DB87D27BDA07A6683671 /* Build configuration list for PBXNativeTarget "FeedBacks!" */ = {
			isa = XCConfigurationList;
			buildConfigurations = (
				C8928A19F1C9C874616F55E1 /* Debug */,
				5DFB612CD54153D2EB3A2371 /* Release */,
			);
			defaultConfigurationIsVisible = 0;
			defaultConfigurationName = Debug;
		};
/* End XCConfigurationList section */
	};
	rootObject = 72D6EC0DB929375B3E5E9598 /* Project object */;
}
